
Microsoft Visual Studio Solution File, Format Version 12.00
# Visual Studio Version 17
VisualStudioVersion = 17.6.33723.286
MinimumVisualStudioVersion = 10.0.40219.1
Project("{FAE04EC0-301F-11D3-BF4B-00C04F79EFBC}") = "Get.TextEditor.Test.UWP", "Get.TextEditor.Test.UWP\Get.TextEditor.Test.UWP.csproj", "{02E9636E-FA41-4296-9110-77F344D575FF}"
EndProject
Project("{FAE04EC0-301F-11D3-BF4B-00C04F79EFBC}") = "Get.TextEditor.UWP", "Get.TextEditor.UWP\Get.TextEditor.UWP.csproj", "{AF100E33-B321-48F8-A295-985176CCF5B2}"
EndProject
Project("{9A19103F-16F7-4668-BE54-9A1E7A4F7556}") = "RtfParser", "RtfParser\RtfParser.csproj", "{B6D2AD2F-4EC3-4C3D-8F5D-C2A123CFB925}"
EndProject
Project("{9A19103F-16F7-4668-BE54-9A1E7A4F7556}") = "Get.TextEditor.RTF", "Get.TextEditor.RTF\Get.TextEditor.RTF.csproj", "{3EB7F8F6-FC24-45FF-840A-902A812F2B79}"
EndProject
Project("{2150E333-8FDC-42A3-9474-1A3956D46DE8}") = "RtfParser", "RtfParser", "{48F09BEE-53BC-4CA3-9877-DF37F0201585}"
EndProject
Project("{2150E333-8FDC-42A3-9474-1A3956D46DE8}") = "RTF", "RTF", "{4DCBE29D-4BF7-4E23-9FC6-4FABEFE09046}"
EndProject
Project("{2150E333-8FDC-42A3-9474-1A3956D46DE8}") = "RichTextKit", "RichTextKit", "{A525CE04-4FAC-4F1F-8853-8100EE9405CD}"
EndProject
Project("{2150E333-8FDC-42A3-9474-1A3956D46DE8}") = "Controls", "Controls", "{AF5F51B9-C834-4A2F-A09D-E20B52842253}"
EndProject
Project("{D954291E-2A0B-460D-934E-DC6B0785DB48}") = "Get.TextEditor.Shared", "Get.TextEditor.Shared\Get.TextEditor.Shared.shproj", "{8B2D57FD-A230-4794-A39F-4E4E32981801}"
EndProject
Project("{9A19103F-16F7-4668-BE54-9A1E7A4F7556}") = "Get.RichTextKit", "RichTextKit\Get.RichTextKit\Get.RichTextKit.csproj", "{FE417701-A66F-431E-9076-6D50AA3D41AC}"
EndProject
Project("{9A19103F-16F7-4668-BE54-9A1E7A4F7556}") = "Get.TextEditor.WinUI", "Get.TextEditor.WinUI\Get.TextEditor.WinUI.csproj", "{391F02A4-DCD2-457D-808A-27C8E85B77FC}"
EndProject
Project("{2150E333-8FDC-42A3-9474-1A3956D46DE8}") = "Test", "Test", "{5A2B5915-C399-4D6C-B169-3549D035B610}"
EndProject
Project("{D954291E-2A0B-460D-934E-DC6B0785DB48}") = "Get.TextEditor.Test.Shared", "Get.TextEditor.Test.Shared\Get.TextEditor.Test.Shared.shproj", "{12F4A209-9E7F-431C-96A8-1BE4573CA53A}"
EndProject
Project("{9A19103F-16F7-4668-BE54-9A1E7A4F7556}") = "Get.TextEditor.Test.WinUI", "Get.TextEditor.Test.WinUI\Get.TextEditor.Test.WinUI\Get.TextEditor.Test.WinUI.csproj", "{C88CC552-F289-4E8D-A4EB-8920DC3142E2}"
EndProject
Project("{2150E333-8FDC-42A3-9474-1A3956D46DE8}") = "Extension", "Extension", "{487BE236-0716-4117-99EA-A1969DB7ABC3}"
EndProject
Project("{FAE04EC0-301F-11D3-BF4B-00C04F79EFBC}") = "Get.RichTextKit.Editor.Paragraphs", "Get.RichTextKit.Paragraphs\Get.RichTextKit.Editor.Paragraphs.csproj", "{9204803F-AE4A-4BB6-854D-DBA5EF2FDE3D}"
EndProject
Global
	GlobalSection(SolutionConfigurationPlatforms) = preSolution
		Debug|Any CPU = Debug|Any CPU
		Debug|ARM = Debug|ARM
		Debug|ARM64 = Debug|ARM64
		Debug|x64 = Debug|x64
		Debug|x86 = Debug|x86
		Release|Any CPU = Release|Any CPU
		Release|ARM = Release|ARM
		Release|ARM64 = Release|ARM64
		Release|x64 = Release|x64
		Release|x86 = Release|x86
	EndGlobalSection
	GlobalSection(ProjectConfigurationPlatforms) = postSolution
		{02E9636E-FA41-4296-9110-77F344D575FF}.Debug|Any CPU.ActiveCfg = Debug|x64
		{02E9636E-FA41-4296-9110-77F344D575FF}.Debug|Any CPU.Build.0 = Debug|x64
		{02E9636E-FA41-4296-9110-77F344D575FF}.Debug|Any CPU.Deploy.0 = Debug|x64
		{02E9636E-FA41-4296-9110-77F344D575FF}.Debug|ARM.ActiveCfg = Debug|ARM
		{02E9636E-FA41-4296-9110-77F344D575FF}.Debug|ARM.Build.0 = Debug|ARM
		{02E9636E-FA41-4296-9110-77F344D575FF}.Debug|ARM.Deploy.0 = Debug|ARM
		{02E9636E-FA41-4296-9110-77F344D575FF}.Debug|ARM64.ActiveCfg = Debug|ARM64
		{02E9636E-FA41-4296-9110-77F344D575FF}.Debug|ARM64.Build.0 = Debug|ARM64
		{02E9636E-FA41-4296-9110-77F344D575FF}.Debug|ARM64.Deploy.0 = Debug|ARM64
		{02E9636E-FA41-4296-9110-77F344D575FF}.Debug|x64.ActiveCfg = Debug|x64
		{02E9636E-FA41-4296-9110-77F344D575FF}.Debug|x64.Build.0 = Debug|x64
		{02E9636E-FA41-4296-9110-77F344D575FF}.Debug|x64.Deploy.0 = Debug|x64
		{02E9636E-FA41-4296-9110-77F344D575FF}.Debug|x86.ActiveCfg = Debug|x86
		{02E9636E-FA41-4296-9110-77F344D575FF}.Debug|x86.Build.0 = Debug|x86
		{02E9636E-FA41-4296-9110-77F344D575FF}.Debug|x86.Deploy.0 = Debug|x86
		{02E9636E-FA41-4296-9110-77F344D575FF}.Release|Any CPU.ActiveCfg = Release|x64
		{02E9636E-FA41-4296-9110-77F344D575FF}.Release|Any CPU.Build.0 = Release|x64
		{02E9636E-FA41-4296-9110-77F344D575FF}.Release|Any CPU.Deploy.0 = Release|x64
		{02E9636E-FA41-4296-9110-77F344D575FF}.Release|ARM.ActiveCfg = Release|ARM
		{02E9636E-FA41-4296-9110-77F344D575FF}.Release|ARM.Build.0 = Release|ARM
		{02E9636E-FA41-4296-9110-77F344D575FF}.Release|ARM.Deploy.0 = Release|ARM
		{02E9636E-FA41-4296-9110-77F344D575FF}.Release|ARM64.ActiveCfg = Release|ARM64
		{02E9636E-FA41-4296-9110-77F344D575FF}.Release|ARM64.Build.0 = Release|ARM64
		{02E9636E-FA41-4296-9110-77F344D575FF}.Release|ARM64.Deploy.0 = Release|ARM64
		{02E9636E-FA41-4296-9110-77F344D575FF}.Release|x64.ActiveCfg = Release|x64
		{02E9636E-FA41-4296-9110-77F344D575FF}.Release|x64.Build.0 = Release|x64
		{02E9636E-FA41-4296-9110-77F344D575FF}.Release|x64.Deploy.0 = Release|x64
		{02E9636E-FA41-4296-9110-77F344D575FF}.Release|x86.ActiveCfg = Release|x86
		{02E9636E-FA41-4296-9110-77F344D575FF}.Release|x86.Build.0 = Release|x86
		{02E9636E-FA41-4296-9110-77F344D575FF}.Release|x86.Deploy.0 = Release|x86
		{AF100E33-B321-48F8-A295-985176CCF5B2}.Debug|Any CPU.ActiveCfg = Debug|Any CPU
		{AF100E33-B321-48F8-A295-985176CCF5B2}.Debug|Any CPU.Build.0 = Debug|Any CPU
		{AF100E33-B321-48F8-A295-985176CCF5B2}.Debug|ARM.ActiveCfg = Debug|ARM
		{AF100E33-B321-48F8-A295-985176CCF5B2}.Debug|ARM.Build.0 = Debug|ARM
		{AF100E33-B321-48F8-A295-985176CCF5B2}.Debug|ARM64.ActiveCfg = Debug|ARM64
		{AF100E33-B321-48F8-A295-985176CCF5B2}.Debug|ARM64.Build.0 = Debug|ARM64
		{AF100E33-B321-48F8-A295-985176CCF5B2}.Debug|x64.ActiveCfg = Debug|x64
		{AF100E33-B321-48F8-A295-985176CCF5B2}.Debug|x64.Build.0 = Debug|x64
		{AF100E33-B321-48F8-A295-985176CCF5B2}.Debug|x86.ActiveCfg = Debug|x86
		{AF100E33-B321-48F8-A295-985176CCF5B2}.Debug|x86.Build.0 = Debug|x86
		{AF100E33-B321-48F8-A295-985176CCF5B2}.Release|Any CPU.ActiveCfg = Release|Any CPU
		{AF100E33-B321-48F8-A295-985176CCF5B2}.Release|Any CPU.Build.0 = Release|Any CPU
		{AF100E33-B321-48F8-A295-985176CCF5B2}.Release|ARM.ActiveCfg = Release|ARM
		{AF100E33-B321-48F8-A295-985176CCF5B2}.Release|ARM.Build.0 = Release|ARM
		{AF100E33-B321-48F8-A295-985176CCF5B2}.Release|ARM64.ActiveCfg = Release|ARM64
		{AF100E33-B321-48F8-A295-985176CCF5B2}.Release|ARM64.Build.0 = Release|ARM64
		{AF100E33-B321-48F8-A295-985176CCF5B2}.Release|x64.ActiveCfg = Release|x64
		{AF100E33-B321-48F8-A295-985176CCF5B2}.Release|x64.Build.0 = Release|x64
		{AF100E33-B321-48F8-A295-985176CCF5B2}.Release|x86.ActiveCfg = Release|x86
		{AF100E33-B321-48F8-A295-985176CCF5B2}.Release|x86.Build.0 = Release|x86
		{B6D2AD2F-4EC3-4C3D-8F5D-C2A123CFB925}.Debug|Any CPU.ActiveCfg = Debug|Any CPU
		{B6D2AD2F-4EC3-4C3D-8F5D-C2A123CFB925}.Debug|Any CPU.Build.0 = Debug|Any CPU
		{B6D2AD2F-4EC3-4C3D-8F5D-C2A123CFB925}.Debug|ARM.ActiveCfg = Debug|Any CPU
		{B6D2AD2F-4EC3-4C3D-8F5D-C2A123CFB925}.Debug|ARM.Build.0 = Debug|Any CPU
		{B6D2AD2F-4EC3-4C3D-8F5D-C2A123CFB925}.Debug|ARM64.ActiveCfg = Debug|Any CPU
		{B6D2AD2F-4EC3-4C3D-8F5D-C2A123CFB925}.Debug|ARM64.Build.0 = Debug|Any CPU
		{B6D2AD2F-4EC3-4C3D-8F5D-C2A123CFB925}.Debug|x64.ActiveCfg = Debug|Any CPU
		{B6D2AD2F-4EC3-4C3D-8F5D-C2A123CFB925}.Debug|x64.Build.0 = Debug|Any CPU
		{B6D2AD2F-4EC3-4C3D-8F5D-C2A123CFB925}.Debug|x86.ActiveCfg = Debug|Any CPU
		{B6D2AD2F-4EC3-4C3D-8F5D-C2A123CFB925}.Debug|x86.Build.0 = Debug|Any CPU
		{B6D2AD2F-4EC3-4C3D-8F5D-C2A123CFB925}.Release|Any CPU.ActiveCfg = Release|Any CPU
		{B6D2AD2F-4EC3-4C3D-8F5D-C2A123CFB925}.Release|Any CPU.Build.0 = Release|Any CPU
		{B6D2AD2F-4EC3-4C3D-8F5D-C2A123CFB925}.Release|ARM.ActiveCfg = Release|Any CPU
		{B6D2AD2F-4EC3-4C3D-8F5D-C2A123CFB925}.Release|ARM.Build.0 = Release|Any CPU
		{B6D2AD2F-4EC3-4C3D-8F5D-C2A123CFB925}.Release|ARM64.ActiveCfg = Release|Any CPU
		{B6D2AD2F-4EC3-4C3D-8F5D-C2A123CFB925}.Release|ARM64.Build.0 = Release|Any CPU
		{B6D2AD2F-4EC3-4C3D-8F5D-C2A123CFB925}.Release|x64.ActiveCfg = Release|Any CPU
		{B6D2AD2F-4EC3-4C3D-8F5D-C2A123CFB925}.Release|x64.Build.0 = Release|Any CPU
		{B6D2AD2F-4EC3-4C3D-8F5D-C2A123CFB925}.Release|x86.ActiveCfg = Release|Any CPU
		{B6D2AD2F-4EC3-4C3D-8F5D-C2A123CFB925}.Release|x86.Build.0 = Release|Any CPU
		{3EB7F8F6-FC24-45FF-840A-902A812F2B79}.Debug|Any CPU.ActiveCfg = Debug|Any CPU
		{3EB7F8F6-FC24-45FF-840A-902A812F2B79}.Debug|Any CPU.Build.0 = Debug|Any CPU
		{3EB7F8F6-FC24-45FF-840A-902A812F2B79}.Debug|ARM.ActiveCfg = Debug|Any CPU
		{3EB7F8F6-FC24-45FF-840A-902A812F2B79}.Debug|ARM.Build.0 = Debug|Any CPU
		{3EB7F8F6-FC24-45FF-840A-902A812F2B79}.Debug|ARM64.ActiveCfg = Debug|Any CPU
		{3EB7F8F6-FC24-45FF-840A-902A812F2B79}.Debug|ARM64.Build.0 = Debug|Any CPU
		{3EB7F8F6-FC24-45FF-840A-902A812F2B79}.Debug|x64.ActiveCfg = Debug|Any CPU
		{3EB7F8F6-FC24-45FF-840A-902A812F2B79}.Debug|x64.Build.0 = Debug|Any CPU
		{3EB7F8F6-FC24-45FF-840A-902A812F2B79}.Debug|x86.ActiveCfg = Debug|Any CPU
		{3EB7F8F6-FC24-45FF-840A-902A812F2B79}.Debug|x86.Build.0 = Debug|Any CPU
		{3EB7F8F6-FC24-45FF-840A-902A812F2B79}.Release|Any CPU.ActiveCfg = Release|Any CPU
		{3EB7F8F6-FC24-45FF-840A-902A812F2B79}.Release|Any CPU.Build.0 = Release|Any CPU
		{3EB7F8F6-FC24-45FF-840A-902A812F2B79}.Release|ARM.ActiveCfg = Release|Any CPU
		{3EB7F8F6-FC24-45FF-840A-902A812F2B79}.Release|ARM.Build.0 = Release|Any CPU
		{3EB7F8F6-FC24-45FF-840A-902A812F2B79}.Release|ARM64.ActiveCfg = Release|Any CPU
		{3EB7F8F6-FC24-45FF-840A-902A812F2B79}.Release|ARM64.Build.0 = Release|Any CPU
		{3EB7F8F6-FC24-45FF-840A-902A812F2B79}.Release|x64.ActiveCfg = Release|Any CPU
		{3EB7F8F6-FC24-45FF-840A-902A812F2B79}.Release|x64.Build.0 = Release|Any CPU
		{3EB7F8F6-FC24-45FF-840A-902A812F2B79}.Release|x86.ActiveCfg = Release|Any CPU
		{3EB7F8F6-FC24-45FF-840A-902A812F2B79}.Release|x86.Build.0 = Release|Any CPU
		{FE417701-A66F-431E-9076-6D50AA3D41AC}.Debug|Any CPU.ActiveCfg = Debug|Any CPU
		{FE417701-A66F-431E-9076-6D50AA3D41AC}.Debug|Any CPU.Build.0 = Debug|Any CPU
		{FE417701-A66F-431E-9076-6D50AA3D41AC}.Debug|ARM.ActiveCfg = Debug|Any CPU
		{FE417701-A66F-431E-9076-6D50AA3D41AC}.Debug|ARM.Build.0 = Debug|Any CPU
		{FE417701-A66F-431E-9076-6D50AA3D41AC}.Debug|ARM64.ActiveCfg = Debug|Any CPU
		{FE417701-A66F-431E-9076-6D50AA3D41AC}.Debug|ARM64.Build.0 = Debug|Any CPU
		{FE417701-A66F-431E-9076-6D50AA3D41AC}.Debug|x64.ActiveCfg = Debug|Any CPU
		{FE417701-A66F-431E-9076-6D50AA3D41AC}.Debug|x64.Build.0 = Debug|Any CPU
		{FE417701-A66F-431E-9076-6D50AA3D41AC}.Debug|x86.ActiveCfg = Debug|Any CPU
		{FE417701-A66F-431E-9076-6D50AA3D41AC}.Debug|x86.Build.0 = Debug|Any CPU
		{FE417701-A66F-431E-9076-6D50AA3D41AC}.Release|Any CPU.ActiveCfg = Release|Any CPU
		{FE417701-A66F-431E-9076-6D50AA3D41AC}.Release|Any CPU.Build.0 = Release|Any CPU
		{FE417701-A66F-431E-9076-6D50AA3D41AC}.Release|ARM.ActiveCfg = Release|Any CPU
		{FE417701-A66F-431E-9076-6D50AA3D41AC}.Release|ARM.Build.0 = Release|Any CPU
		{FE417701-A66F-431E-9076-6D50AA3D41AC}.Release|ARM64.ActiveCfg = Release|Any CPU
		{FE417701-A66F-431E-9076-6D50AA3D41AC}.Release|ARM64.Build.0 = Release|Any CPU
		{FE417701-A66F-431E-9076-6D50AA3D41AC}.Release|x64.ActiveCfg = Release|Any CPU
		{FE417701-A66F-431E-9076-6D50AA3D41AC}.Release|x64.Build.0 = Release|Any CPU
		{FE417701-A66F-431E-9076-6D50AA3D41AC}.Release|x86.ActiveCfg = Release|Any CPU
		{FE417701-A66F-431E-9076-6D50AA3D41AC}.Release|x86.Build.0 = Release|Any CPU
		{391F02A4-DCD2-457D-808A-27C8E85B77FC}.Debug|Any CPU.ActiveCfg = Debug|Any CPU
		{391F02A4-DCD2-457D-808A-27C8E85B77FC}.Debug|Any CPU.Build.0 = Debug|Any CPU
		{391F02A4-DCD2-457D-808A-27C8E85B77FC}.Debug|ARM.ActiveCfg = Debug|Any CPU
		{391F02A4-DCD2-457D-808A-27C8E85B77FC}.Debug|ARM.Build.0 = Debug|Any CPU
		{391F02A4-DCD2-457D-808A-27C8E85B77FC}.Debug|ARM64.ActiveCfg = Debug|Any CPU
		{391F02A4-DCD2-457D-808A-27C8E85B77FC}.Debug|ARM64.Build.0 = Debug|Any CPU
		{391F02A4-DCD2-457D-808A-27C8E85B77FC}.Debug|x64.ActiveCfg = Debug|Any CPU
		{391F02A4-DCD2-457D-808A-27C8E85B77FC}.Debug|x64.Build.0 = Debug|Any CPU
		{391F02A4-DCD2-457D-808A-27C8E85B77FC}.Debug|x86.ActiveCfg = Debug|Any CPU
		{391F02A4-DCD2-457D-808A-27C8E85B77FC}.Debug|x86.Build.0 = Debug|Any CPU
		{391F02A4-DCD2-457D-808A-27C8E85B77FC}.Release|Any CPU.ActiveCfg = Release|Any CPU
		{391F02A4-DCD2-457D-808A-27C8E85B77FC}.Release|Any CPU.Build.0 = Release|Any CPU
		{391F02A4-DCD2-457D-808A-27C8E85B77FC}.Release|ARM.ActiveCfg = Release|Any CPU
		{391F02A4-DCD2-457D-808A-27C8E85B77FC}.Release|ARM.Build.0 = Release|Any CPU
		{391F02A4-DCD2-457D-808A-27C8E85B77FC}.Release|ARM64.ActiveCfg = Release|Any CPU
		{391F02A4-DCD2-457D-808A-27C8E85B77FC}.Release|ARM64.Build.0 = Release|Any CPU
		{391F02A4-DCD2-457D-808A-27C8E85B77FC}.Release|x64.ActiveCfg = Release|Any CPU
		{391F02A4-DCD2-457D-808A-27C8E85B77FC}.Release|x64.Build.0 = Release|Any CPU
		{391F02A4-DCD2-457D-808A-27C8E85B77FC}.Release|x86.ActiveCfg = Release|Any CPU
		{391F02A4-DCD2-457D-808A-27C8E85B77FC}.Release|x86.Build.0 = Release|Any CPU
		{C88CC552-F289-4E8D-A4EB-8920DC3142E2}.Debug|Any CPU.ActiveCfg = Debug|x64
		{C88CC552-F289-4E8D-A4EB-8920DC3142E2}.Debug|Any CPU.Build.0 = Debug|x64
		{C88CC552-F289-4E8D-A4EB-8920DC3142E2}.Debug|Any CPU.Deploy.0 = Debug|x64
		{C88CC552-F289-4E8D-A4EB-8920DC3142E2}.Debug|ARM.ActiveCfg = Debug|x64
		{C88CC552-F289-4E8D-A4EB-8920DC3142E2}.Debug|ARM.Build.0 = Debug|x64
		{C88CC552-F289-4E8D-A4EB-8920DC3142E2}.Debug|ARM.Deploy.0 = Debug|x64
		{C88CC552-F289-4E8D-A4EB-8920DC3142E2}.Debug|ARM64.ActiveCfg = Debug|ARM64
		{C88CC552-F289-4E8D-A4EB-8920DC3142E2}.Debug|ARM64.Build.0 = Debug|ARM64
		{C88CC552-F289-4E8D-A4EB-8920DC3142E2}.Debug|ARM64.Deploy.0 = Debug|ARM64
		{C88CC552-F289-4E8D-A4EB-8920DC3142E2}.Debug|x64.ActiveCfg = Debug|x64
		{C88CC552-F289-4E8D-A4EB-8920DC3142E2}.Debug|x64.Build.0 = Debug|x64
		{C88CC552-F289-4E8D-A4EB-8920DC3142E2}.Debug|x64.Deploy.0 = Debug|x64
		{C88CC552-F289-4E8D-A4EB-8920DC3142E2}.Debug|x86.ActiveCfg = Debug|x86
		{C88CC552-F289-4E8D-A4EB-8920DC3142E2}.Debug|x86.Build.0 = Debug|x86
		{C88CC552-F289-4E8D-A4EB-8920DC3142E2}.Debug|x86.Deploy.0 = Debug|x86
		{C88CC552-F289-4E8D-A4EB-8920DC3142E2}.Release|Any CPU.ActiveCfg = Release|x64
		{C88CC552-F289-4E8D-A4EB-8920DC3142E2}.Release|Any CPU.Build.0 = Release|x64
		{C88CC552-F289-4E8D-A4EB-8920DC3142E2}.Release|Any CPU.Deploy.0 = Release|x64
		{C88CC552-F289-4E8D-A4EB-8920DC3142E2}.Release|ARM.ActiveCfg = Release|x64
		{C88CC552-F289-4E8D-A4EB-8920DC3142E2}.Release|ARM.Build.0 = Release|x64
		{C88CC552-F289-4E8D-A4EB-8920DC3142E2}.Release|ARM.Deploy.0 = Release|x64
		{C88CC552-F289-4E8D-A4EB-8920DC3142E2}.Release|ARM64.ActiveCfg = Release|ARM64
		{C88CC552-F289-4E8D-A4EB-8920DC3142E2}.Release|ARM64.Build.0 = Release|ARM64
		{C88CC552-F289-4E8D-A4EB-8920DC3142E2}.Release|ARM64.Deploy.0 = Release|ARM64
		{C88CC552-F289-4E8D-A4EB-8920DC3142E2}.Release|x64.ActiveCfg = Release|x64
		{C88CC552-F289-4E8D-A4EB-8920DC3142E2}.Release|x64.Build.0 = Release|x64
		{C88CC552-F289-4E8D-A4EB-8920DC3142E2}.Release|x64.Deploy.0 = Release|x64
		{C88CC552-F289-4E8D-A4EB-8920DC3142E2}.Release|x86.ActiveCfg = Release|x86
		{C88CC552-F289-4E8D-A4EB-8920DC3142E2}.Release|x86.Build.0 = Release|x86
		{C88CC552-F289-4E8D-A4EB-8920DC3142E2}.Release|x86.Deploy.0 = Release|x86
		{9204803F-AE4A-4BB6-854D-DBA5EF2FDE3D}.Debug|Any CPU.ActiveCfg = Debug|Any CPU
		{9204803F-AE4A-4BB6-854D-DBA5EF2FDE3D}.Debug|Any CPU.Build.0 = Debug|Any CPU
		{9204803F-AE4A-4BB6-854D-DBA5EF2FDE3D}.Debug|ARM.ActiveCfg = Debug|Any CPU
		{9204803F-AE4A-4BB6-854D-DBA5EF2FDE3D}.Debug|ARM.Build.0 = Debug|Any CPU
		{9204803F-AE4A-4BB6-854D-DBA5EF2FDE3D}.Debug|ARM64.ActiveCfg = Debug|Any CPU
		{9204803F-AE4A-4BB6-854D-DBA5EF2FDE3D}.Debug|ARM64.Build.0 = Debug|Any CPU
		{9204803F-AE4A-4BB6-854D-DBA5EF2FDE3D}.Debug|x64.ActiveCfg = Debug|Any CPU
		{9204803F-AE4A-4BB6-854D-DBA5EF2FDE3D}.Debug|x64.Build.0 = Debug|Any CPU
		{9204803F-AE4A-4BB6-854D-DBA5EF2FDE3D}.Debug|x86.ActiveCfg = Debug|Any CPU
		{9204803F-AE4A-4BB6-854D-DBA5EF2FDE3D}.Debug|x86.Build.0 = Debug|Any CPU
		{9204803F-AE4A-4BB6-854D-DBA5EF2FDE3D}.Release|Any CPU.ActiveCfg = Release|Any CPU
		{9204803F-AE4A-4BB6-854D-DBA5EF2FDE3D}.Release|Any CPU.Build.0 = Release|Any CPU
		{9204803F-AE4A-4BB6-854D-DBA5EF2FDE3D}.Release|ARM.ActiveCfg = Release|Any CPU
		{9204803F-AE4A-4BB6-854D-DBA5EF2FDE3D}.Release|ARM.Build.0 = Release|Any CPU
		{9204803F-AE4A-4BB6-854D-DBA5EF2FDE3D}.Release|ARM64.ActiveCfg = Release|Any CPU
		{9204803F-AE4A-4BB6-854D-DBA5EF2FDE3D}.Release|ARM64.Build.0 = Release|Any CPU
		{9204803F-AE4A-4BB6-854D-DBA5EF2FDE3D}.Release|x64.ActiveCfg = Release|Any CPU
		{9204803F-AE4A-4BB6-854D-DBA5EF2FDE3D}.Release|x64.Build.0 = Release|Any CPU
		{9204803F-AE4A-4BB6-854D-DBA5EF2FDE3D}.Release|x86.ActiveCfg = Release|Any CPU
		{9204803F-AE4A-4BB6-854D-DBA5EF2FDE3D}.Release|x86.Build.0 = Release|Any CPU
	EndGlobalSection
	GlobalSection(SolutionProperties) = preSolution
		HideSolutionNode = FALSE
	EndGlobalSection
	GlobalSection(NestedProjects) = preSolution
		{02E9636E-FA41-4296-9110-77F344D575FF} = {5A2B5915-C399-4D6C-B169-3549D035B610}
		{AF100E33-B321-48F8-A295-985176CCF5B2} = {AF5F51B9-C834-4A2F-A09D-E20B52842253}
		{B6D2AD2F-4EC3-4C3D-8F5D-C2A123CFB925} = {48F09BEE-53BC-4CA3-9877-DF37F0201585}
		{3EB7F8F6-FC24-45FF-840A-902A812F2B79} = {4DCBE29D-4BF7-4E23-9FC6-4FABEFE09046}
		{48F09BEE-53BC-4CA3-9877-DF37F0201585} = {4DCBE29D-4BF7-4E23-9FC6-4FABEFE09046}
		{8B2D57FD-A230-4794-A39F-4E4E32981801} = {AF5F51B9-C834-4A2F-A09D-E20B52842253}
		{FE417701-A66F-431E-9076-6D50AA3D41AC} = {A525CE04-4FAC-4F1F-8853-8100EE9405CD}
		{391F02A4-DCD2-457D-808A-27C8E85B77FC} = {AF5F51B9-C834-4A2F-A09D-E20B52842253}
		{12F4A209-9E7F-431C-96A8-1BE4573CA53A} = {5A2B5915-C399-4D6C-B169-3549D035B610}
		{C88CC552-F289-4E8D-A4EB-8920DC3142E2} = {5A2B5915-C399-4D6C-B169-3549D035B610}
		{9204803F-AE4A-4BB6-854D-DBA5EF2FDE3D} = {487BE236-0716-4117-99EA-A1969DB7ABC3}
	EndGlobalSection
	GlobalSection(ExtensibilityGlobals) = postSolution
		SolutionGuid = {D6845F85-8A36-4A48-AEA8-53AC81AA0D8F}
	EndGlobalSection
	GlobalSection(SharedMSBuildProjectFiles) = preSolution
		Get.TextEditor.Test.Shared\Get.TextEditor.Test.Shared.projitems*{02e9636e-fa41-4296-9110-77f344d575ff}*SharedItemsImports = 4
		Get.TextEditor.Test.Shared\Get.TextEditor.Test.Shared.projitems*{12f4a209-9e7f-431c-96a8-1be4573ca53a}*SharedItemsImports = 13
		Get.TextEditor.Shared\Get.TextEditor.Shared.projitems*{391f02a4-dcd2-457d-808a-27c8e85b77fc}*SharedItemsImports = 5
		Get.TextEditor.Shared\Get.TextEditor.Shared.projitems*{8b2d57fd-a230-4794-a39f-4e4e32981801}*SharedItemsImports = 13
		Get.TextEditor.Shared\Get.TextEditor.Shared.projitems*{af100e33-b321-48f8-a295-985176ccf5b2}*SharedItemsImports = 4
		Get.TextEditor.Test.Shared\Get.TextEditor.Test.Shared.projitems*{c88cc552-f289-4e8d-a4eb-8920dc3142e2}*SharedItemsImports = 5
	EndGlobalSection
EndGlobal
